
Microsoft Visual Studio Solution File, Format Version 11.00
# Visual Studio 2010
Project("{FAE04EC0-301F-11D3-BF4B-00C04F79EFBC}") = "PSMGameJamWinter2013", "PSMGameJamWinter2013\PSMGameJamWinter2013.csproj", "{944A0047-A51B-4088-BCF9-48A1924AD42A}"
EndProject
Global
	GlobalSection(SolutionConfigurationPlatforms) = preSolution
		Debug|Any CPU = Debug|Any CPU
		Release|Any CPU = Release|Any CPU
	EndGlobalSection
	GlobalSection(ProjectConfigurationPlatforms) = postSolution
		{944A0047-A51B-4088-BCF9-48A1924AD42A}.Debug|Any CPU.ActiveCfg = Debug|Any CPU
		{944A0047-A51B-4088-BCF9-48A1924AD42A}.Debug|Any CPU.Build.0 = Debug|Any CPU
		{944A0047-A51B-4088-BCF9-48A1924AD42A}.Release|Any CPU.ActiveCfg = Release|Any CPU
		{944A0047-A51B-4088-BCF9-48A1924AD42A}.Release|Any CPU.Build.0 = Release|Any CPU
	EndGlobalSection
	GlobalSection(MonoDevelopProperties) = preSolution
		StartupItem = PSMGameJamWinter2013\PSMGameJamWinter2013.csproj
	EndGlobalSection
EndGlobal
